
Microsoft Visual Studio Solution File, Format Version 11.00
# Visual Studio 2010
Project("{FAE04EC0-301F-11D3-BF4B-00C04F79EFBC}") = "EntityClass", "EntityClass\EntityClass.csproj", "{A2D63CFA-0699-421C-8DB5-1CF0C63E071B}"
EndProject
Project("{FAE04EC0-301F-11D3-BF4B-00C04F79EFBC}") = "SqsBusiness", "SqsBusiness\SqsBusiness.csproj", "{2BAE209B-479E-46F0-ACE2-7BF802966955}"
EndProject
Project("{FAE04EC0-301F-11D3-BF4B-00C04F79EFBC}") = "DataClass", "DataClass\DataClass.csproj", "{63095207-872C-4A62-B302-1003A021F4C5}"
EndProject
Global
	GlobalSection(TeamFoundationVersionControl) = preSolution
		SccNumberOfProjects = 4
		SccEnterpriseProvider = {4CA58AB2-18FA-4F8D-95D4-32DDF27D184C}
		SccTeamFoundationServer = http://192.168.1.204:8089/tfs/web_ss
		SccLocalPath0 = .
		SccProjectUniqueName1 = EntityClass\\EntityClass.csproj
		SccProjectName1 = EntityClass
		SccLocalPath1 = EntityClass
		SccProjectUniqueName2 = SqsBusiness\\SqsBusiness.csproj
		SccProjectName2 = SqsBusiness
		SccLocalPath2 = SqsBusiness
		SccProjectUniqueName3 = DataClass\\DataClass.csproj
		SccProjectName3 = DataClass
		SccLocalPath3 = DataClass
	EndGlobalSection
	GlobalSection(SolutionConfigurationPlatforms) = preSolution
		Debug|Any CPU = Debug|Any CPU
		Release|Any CPU = Release|Any CPU
	EndGlobalSection
	GlobalSection(ProjectConfigurationPlatforms) = postSolution
		{A2D63CFA-0699-421C-8DB5-1CF0C63E071B}.Debug|Any CPU.ActiveCfg = Debug|Any CPU
		{A2D63CFA-0699-421C-8DB5-1CF0C63E071B}.Debug|Any CPU.Build.0 = Debug|Any CPU
		{A2D63CFA-0699-421C-8DB5-1CF0C63E071B}.Release|Any CPU.ActiveCfg = Release|Any CPU
		{A2D63CFA-0699-421C-8DB5-1CF0C63E071B}.Release|Any CPU.Build.0 = Release|Any CPU
		{2BAE209B-479E-46F0-ACE2-7BF802966955}.Debug|Any CPU.ActiveCfg = Debug|Any CPU
		{2BAE209B-479E-46F0-ACE2-7BF802966955}.Debug|Any CPU.Build.0 = Debug|Any CPU
		{2BAE209B-479E-46F0-ACE2-7BF802966955}.Release|Any CPU.ActiveCfg = Release|Any CPU
		{2BAE209B-479E-46F0-ACE2-7BF802966955}.Release|Any CPU.Build.0 = Release|Any CPU
		{63095207-872C-4A62-B302-1003A021F4C5}.Debug|Any CPU.ActiveCfg = Debug|Any CPU
		{63095207-872C-4A62-B302-1003A021F4C5}.Debug|Any CPU.Build.0 = Debug|Any CPU
		{63095207-872C-4A62-B302-1003A021F4C5}.Release|Any CPU.ActiveCfg = Release|Any CPU
		{63095207-872C-4A62-B302-1003A021F4C5}.Release|Any CPU.Build.0 = Release|Any CPU
	EndGlobalSection
	GlobalSection(SolutionProperties) = preSolution
		HideSolutionNode = FALSE
	EndGlobalSection
EndGlobal
